
Microsoft Visual Studio Solution File, Format Version 12.00
# Visual Studio Version 17
VisualStudioVersion = 17.2.32526.322
MinimumVisualStudioVersion = 10.0.40219.1
Project("{8BC9CEB8-8B4A-11D0-8D11-00A0C91BC942}") = "M03UF3_Exercici2", "M03UF3_Exercici2\M03UF3_Exercici2.vcxproj", "{2043FC81-DFF9-4A10-A206-BCC6CF967F25}"
EndProject
Global
	GlobalSection(SolutionConfigurationPlatforms) = preSolution
		Debug|x64 = Debug|x64
		Debug|x86 = Debug|x86
		Release|x64 = Release|x64
		Release|x86 = Release|x86
	EndGlobalSection
	GlobalSection(ProjectConfigurationPlatforms) = postSolution
		{2043FC81-DFF9-4A10-A206-BCC6CF967F25}.Debug|x64.ActiveCfg = Debug|x64
		{2043FC81-DFF9-4A10-A206-BCC6CF967F25}.Debug|x64.Build.0 = Debug|x64
		{2043FC81-DFF9-4A10-A206-BCC6CF967F25}.Debug|x86.ActiveCfg = Debug|Win32
		{2043FC81-DFF9-4A10-A206-BCC6CF967F25}.Debug|x86.Build.0 = Debug|Win32
		{2043FC81-DFF9-4A10-A206-BCC6CF967F25}.Release|x64.ActiveCfg = Release|x64
		{2043FC81-DFF9-4A10-A206-BCC6CF967F25}.Release|x64.Build.0 = Release|x64
		{2043FC81-DFF9-4A10-A206-BCC6CF967F25}.Release|x86.ActiveCfg = Release|Win32
		{2043FC81-DFF9-4A10-A206-BCC6CF967F25}.Release|x86.Build.0 = Release|Win32
	EndGlobalSection
	GlobalSection(SolutionProperties) = preSolution
		HideSolutionNode = FALSE
	EndGlobalSection
	GlobalSection(ExtensibilityGlobals) = postSolution
		SolutionGuid = {70600300-806D-44BB-91E8-59D6691602B7}
	EndGlobalSection
EndGlobal
